
Microsoft Visual Studio Solution File, Format Version 12.00
# Visual Studio Version 16
VisualStudioVersion = 16.0.30503.244
MinimumVisualStudioVersion = 10.0.40219.1
Project("{FAE04EC0-301F-11D3-BF4B-00C04F79EFBC}") = "MadLibs", "MadLibs\MadLibs.csproj", "{6DA6E8C4-B88B-411F-9856-68294338EC97}"
EndProject
Global
	GlobalSection(SolutionConfigurationPlatforms) = preSolution
		Debug|Any CPU = Debug|Any CPU
		Release|Any CPU = Release|Any CPU
	EndGlobalSection
	GlobalSection(ProjectConfigurationPlatforms) = postSolution
		{6DA6E8C4-B88B-411F-9856-68294338EC97}.Debug|Any CPU.ActiveCfg = Debug|Any CPU
		{6DA6E8C4-B88B-411F-9856-68294338EC97}.Debug|Any CPU.Build.0 = Debug|Any CPU
		{6DA6E8C4-B88B-411F-9856-68294338EC97}.Release|Any CPU.ActiveCfg = Release|Any CPU
		{6DA6E8C4-B88B-411F-9856-68294338EC97}.Release|Any CPU.Build.0 = Release|Any CPU
	EndGlobalSection
	GlobalSection(SolutionProperties) = preSolution
		HideSolutionNode = FALSE
	EndGlobalSection
	GlobalSection(ExtensibilityGlobals) = postSolution
		SolutionGuid = {689E5A11-E6B3-439D-891B-71B0C742ED69}
	EndGlobalSection
EndGlobal
